
Microsoft Visual Studio Solution File, Format Version 12.00
# Visual Studio Version 16
VisualStudioVersion = 16.0.30413.136
MinimumVisualStudioVersion = 10.0.40219.1
Project("{9A19103F-16F7-4668-BE54-9A1E7A4F7556}") = "BlazorServerOrderingSystemApp", "BlazorServerOrderingSystemApp\BlazorServerOrderingSystemApp.csproj", "{3E28EBE5-7B7C-4101-8F0A-826F4A467117}"
EndProject
Global
	GlobalSection(SolutionConfigurationPlatforms) = preSolution
		Debug|Any CPU = Debug|Any CPU
		Release|Any CPU = Release|Any CPU
	EndGlobalSection
	GlobalSection(ProjectConfigurationPlatforms) = postSolution
		{3E28EBE5-7B7C-4101-8F0A-826F4A467117}.Debug|Any CPU.ActiveCfg = Debug|Any CPU
		{3E28EBE5-7B7C-4101-8F0A-826F4A467117}.Debug|Any CPU.Build.0 = Debug|Any CPU
		{3E28EBE5-7B7C-4101-8F0A-826F4A467117}.Release|Any CPU.ActiveCfg = Release|Any CPU
		{3E28EBE5-7B7C-4101-8F0A-826F4A467117}.Release|Any CPU.Build.0 = Release|Any CPU
	EndGlobalSection
	GlobalSection(SolutionProperties) = preSolution
		HideSolutionNode = FALSE
	EndGlobalSection
	GlobalSection(ExtensibilityGlobals) = postSolution
		SolutionGuid = {A0DCA8D3-1955-49B9-8F43-4BB783E4A9F6}
	EndGlobalSection
EndGlobal
